
Microsoft Visual Studio Solution File, Format Version 12.00
# Visual Studio Version 16
VisualStudioVersion = 16.0.29709.97
MinimumVisualStudioVersion = 10.0.40219.1
Project("{9A19103F-16F7-4668-BE54-9A1E7A4F7556}") = "Oeuvre", "Oeuvre\Oeuvre.csproj", "{387AF907-F6F9-480C-B77F-659B215C4470}"
EndProject
Project("{9A19103F-16F7-4668-BE54-9A1E7A4F7556}") = "Oeuvre.Tests", "Oeuvre.Tests\Oeuvre.Tests.csproj", "{531CAB69-95E8-496F-9C32-7854FD46C9EB}"
EndProject
Global
	GlobalSection(SolutionConfigurationPlatforms) = preSolution
		Debug|Any CPU = Debug|Any CPU
		Release|Any CPU = Release|Any CPU
	EndGlobalSection
	GlobalSection(ProjectConfigurationPlatforms) = postSolution
		{387AF907-F6F9-480C-B77F-659B215C4470}.Debug|Any CPU.ActiveCfg = Debug|Any CPU
		{387AF907-F6F9-480C-B77F-659B215C4470}.Debug|Any CPU.Build.0 = Debug|Any CPU
		{387AF907-F6F9-480C-B77F-659B215C4470}.Release|Any CPU.ActiveCfg = Release|Any CPU
		{387AF907-F6F9-480C-B77F-659B215C4470}.Release|Any CPU.Build.0 = Release|Any CPU
		{531CAB69-95E8-496F-9C32-7854FD46C9EB}.Debug|Any CPU.ActiveCfg = Debug|Any CPU
		{531CAB69-95E8-496F-9C32-7854FD46C9EB}.Debug|Any CPU.Build.0 = Debug|Any CPU
		{531CAB69-95E8-496F-9C32-7854FD46C9EB}.Release|Any CPU.ActiveCfg = Release|Any CPU
		{531CAB69-95E8-496F-9C32-7854FD46C9EB}.Release|Any CPU.Build.0 = Release|Any CPU
	EndGlobalSection
	GlobalSection(SolutionProperties) = preSolution
		HideSolutionNode = FALSE
	EndGlobalSection
	GlobalSection(ExtensibilityGlobals) = postSolution
		SolutionGuid = {21BACE76-90CE-4302-BD3E-BF393AE23683}
	EndGlobalSection
EndGlobal
